
Microsoft Visual Studio Solution File, Format Version 12.00
# Visual Studio Version 17
VisualStudioVersion = 17.12.35527.113 d17.12
MinimumVisualStudioVersion = 10.0.40219.1
Project("{FAE04EC0-301F-11D3-BF4B-00C04F79EFBC}") = "Web", "Web\Web.csproj", "{5DC959D6-8D01-4D6C-A80E-17537778B2AE}"
EndProject
Project("{FAE04EC0-301F-11D3-BF4B-00C04F79EFBC}") = "Domain", "Domain\Domain.csproj", "{65265570-8725-4C97-A849-9A480BBF18E0}"
EndProject
Project("{FAE04EC0-301F-11D3-BF4B-00C04F79EFBC}") = "Infrastructure", "Infrastructure\Infrastructure.csproj", "{C824BD8B-96E2-45D2-BE17-A707ABC0DE2A}"
EndProject
Project("{FAE04EC0-301F-11D3-BF4B-00C04F79EFBC}") = "Application", "Application\Application.csproj", "{761AC347-CC4D-4857-A8F5-B16A00959B6B}"
EndProject
Global
	GlobalSection(SolutionConfigurationPlatforms) = preSolution
		Debug|Any CPU = Debug|Any CPU
		Release|Any CPU = Release|Any CPU
	EndGlobalSection
	GlobalSection(ProjectConfigurationPlatforms) = postSolution
		{5DC959D6-8D01-4D6C-A80E-17537778B2AE}.Debug|Any CPU.ActiveCfg = Debug|Any CPU
		{5DC959D6-8D01-4D6C-A80E-17537778B2AE}.Debug|Any CPU.Build.0 = Debug|Any CPU
		{5DC959D6-8D01-4D6C-A80E-17537778B2AE}.Release|Any CPU.ActiveCfg = Release|Any CPU
		{5DC959D6-8D01-4D6C-A80E-17537778B2AE}.Release|Any CPU.Build.0 = Release|Any CPU
		{65265570-8725-4C97-A849-9A480BBF18E0}.Debug|Any CPU.ActiveCfg = Debug|Any CPU
		{65265570-8725-4C97-A849-9A480BBF18E0}.Debug|Any CPU.Build.0 = Debug|Any CPU
		{65265570-8725-4C97-A849-9A480BBF18E0}.Release|Any CPU.ActiveCfg = Release|Any CPU
		{65265570-8725-4C97-A849-9A480BBF18E0}.Release|Any CPU.Build.0 = Release|Any CPU
		{C824BD8B-96E2-45D2-BE17-A707ABC0DE2A}.Debug|Any CPU.ActiveCfg = Debug|Any CPU
		{C824BD8B-96E2-45D2-BE17-A707ABC0DE2A}.Debug|Any CPU.Build.0 = Debug|Any CPU
		{C824BD8B-96E2-45D2-BE17-A707ABC0DE2A}.Release|Any CPU.ActiveCfg = Release|Any CPU
		{C824BD8B-96E2-45D2-BE17-A707ABC0DE2A}.Release|Any CPU.Build.0 = Release|Any CPU
		{761AC347-CC4D-4857-A8F5-B16A00959B6B}.Debug|Any CPU.ActiveCfg = Debug|Any CPU
		{761AC347-CC4D-4857-A8F5-B16A00959B6B}.Debug|Any CPU.Build.0 = Debug|Any CPU
		{761AC347-CC4D-4857-A8F5-B16A00959B6B}.Release|Any CPU.ActiveCfg = Release|Any CPU
		{761AC347-CC4D-4857-A8F5-B16A00959B6B}.Release|Any CPU.Build.0 = Release|Any CPU
	EndGlobalSection
	GlobalSection(SolutionProperties) = preSolution
		HideSolutionNode = FALSE
	EndGlobalSection
EndGlobal
